// !$*UTF8*$!
{
	archiveVersion = 1;
	classes = {
	};
	objectVersion = 55;
	objects = {

/* Begin PBXBuildFile section */
		A5F7E95C280F8984006C368F /* ChallengeKleverApp.swift in Sources */ = {isa = PBXBuildFile; fileRef = A5F7E95B280F8984006C368F /* ChallengeKleverApp.swift */; };
		A5F7E95E280F8984006C368F /* ContentView.swift in Sources */ = {isa = PBXBuildFile; fileRef = A5F7E95D280F8984006C368F /* ContentView.swift */; };
		A5F7E960280F8987006C368F /* Assets.xcassets in Resources */ = {isa = PBXBuildFile; fileRef = A5F7E95F280F8987006C368F /* Assets.xcassets */; };
		A5F7E963280F8987006C368F /* Preview Assets.xcassets in Resources */ = {isa = PBXBuildFile; fileRef = A5F7E962280F8987006C368F /* Preview Assets.xcassets */; };
		A5F7E9E92810C967006C368F /* PostsModel.swift in Sources */ = {isa = PBXBuildFile; fileRef = A5F7E9E82810C967006C368F /* PostsModel.swift */; };
		A5F7E9EB2810CBE3006C368F /* Network.swift in Sources */ = {isa = PBXBuildFile; fileRef = A5F7E9EA2810CBE3006C368F /* Network.swift */; };
		A5F7E9F028110FA0006C368F /* NewPostView.swift in Sources */ = {isa = PBXBuildFile; fileRef = A5F7E9EF28110FA0006C368F /* NewPostView.swift */; };
		A5F7E9F228111408006C368F /* DetailView.swift in Sources */ = {isa = PBXBuildFile; fileRef = A5F7E9F128111408006C368F /* DetailView.swift */; };
/* End PBXBuildFile section */

/* Begin PBXFileReference section */
		A5F7E958280F8984006C368F /* ChallengeKlever.app */ = {isa = PBXFileReference; explicitFileType = wrapper.application; includeInIndex = 0; path = ChallengeKlever.app; sourceTree = BUILT_PRODUCTS_DIR; };
		A5F7E95B280F8984006C368F /* ChallengeKleverApp.swift */ = {isa = PBXFileReference; lastKnownFileType = sourcecode.swift; path = ChallengeKleverApp.swift; sourceTree = "<group>"; };
		A5F7E95D280F8984006C368F /* ContentView.swift */ = {isa = PBXFileReference; lastKnownFileType = sourcecode.swift; path = ContentView.swift; sourceTree = "<group>"; };
		A5F7E95F280F8987006C368F /* Assets.xcassets */ = {isa = PBXFileReference; lastKnownFileType = folder.assetcatalog; path = Assets.xcassets; sourceTree = "<group>"; };
		A5F7E962280F8987006C368F /* Preview Assets.xcassets */ = {isa = PBXFileReference; lastKnownFileType = folder.assetcatalog; path = "Preview Assets.xcassets"; sourceTree = "<group>"; };
		A5F7E9E82810C967006C368F /* PostsModel.swift */ = {isa = PBXFileReference; lastKnownFileType = sourcecode.swift; path = PostsModel.swift; sourceTree = "<group>"; };
		A5F7E9EA2810CBE3006C368F /* Network.swift */ = {isa = PBXFileReference; lastKnownFileType = sourcecode.swift; path = Network.swift; sourceTree = "<group>"; };
		A5F7E9EF28110FA0006C368F /* NewPostView.swift */ = {isa = PBXFileReference; lastKnownFileType = sourcecode.swift; path = NewPostView.swift; sourceTree = "<group>"; };
		A5F7E9F128111408006C368F /* DetailView.swift */ = {isa = PBXFileReference; lastKnownFileType = sourcecode.swift; path = DetailView.swift; sourceTree = "<group>"; };
/* End PBXFileReference section */

/* Begin PBXFrameworksBuildPhase section */
		A5F7E955280F8984006C368F /* Frameworks */ = {
			isa = PBXFrameworksBuildPhase;
			buildActionMask = 2147483647;
			files = (
			);
			runOnlyForDeploymentPostprocessing = 0;
		};
/* End PBXFrameworksBuildPhase section */

/* Begin PBXGroup section */
		A5F7E94F280F8984006C368F = {
			isa = PBXGroup;
			children = (
				A5F7E95A280F8984006C368F /* ChallengeKlever */,
				A5F7E959280F8984006C368F /* Products */,
			);
			sourceTree = "<group>";
		};
		A5F7E959280F8984006C368F /* Products */ = {
			isa = PBXGroup;
			children = (
				A5F7E958280F8984006C368F /* ChallengeKlever.app */,
			);
			name = Products;
			sourceTree = "<group>";
		};
		A5F7E95A280F8984006C368F /* ChallengeKlever */ = {
			isa = PBXGroup;
			children = (
				A5F7E9EC28110F58006C368F /* Model */,
				A5F7E9EE28110F77006C368F /* View */,
				A5F7E9ED28110F65006C368F /* Network */,
				A5F7E95B280F8984006C368F /* ChallengeKleverApp.swift */,
				A5F7E95F280F8987006C368F /* Assets.xcassets */,
				A5F7E961280F8987006C368F /* Preview Content */,
			);
			path = ChallengeKlever;
			sourceTree = "<group>";
		};
		A5F7E961280F8987006C368F /* Preview Content */ = {
			isa = PBXGroup;
			children = (
				A5F7E962280F8987006C368F /* Preview Assets.xcassets */,
			);
			path = "Preview Content";
			sourceTree = "<group>";
		};
		A5F7E9EC28110F58006C368F /* Model */ = {
			isa = PBXGroup;
			children = (
				A5F7E9E82810C967006C368F /* PostsModel.swift */,
			);
			path = Model;
			sourceTree = "<group>";
		};
		A5F7E9ED28110F65006C368F /* Network */ = {
			isa = PBXGroup;
			children = (
				A5F7E9EA2810CBE3006C368F /* Network.swift */,
			);
			path = Network;
			sourceTree = "<group>";
		};
		A5F7E9EE28110F77006C368F /* View */ = {
			isa = PBXGroup;
			children = (
				A5F7E95D280F8984006C368F /* ContentView.swift */,
				A5F7E9EF28110FA0006C368F /* NewPostView.swift */,
				A5F7E9F128111408006C368F /* DetailView.swift */,
			);
			path = View;
			sourceTree = "<group>";
		};
/* End PBXGroup section */

/* Begin PBXNativeTarget section */
		A5F7E957280F8984006C368F /* ChallengeKlever */ = {
			isa = PBXNativeTarget;
			buildConfigurationList = A5F7E966280F8987006C368F /* Build configuration list for PBXNativeTarget "ChallengeKlever" */;
			buildPhases = (
				A5F7E954280F8984006C368F /* Sources */,
				A5F7E955280F8984006C368F /* Frameworks */,
				A5F7E956280F8984006C368F /* Resources */,
			);
			buildRules = (
			);
			dependencies = (
			);
			name = ChallengeKlever;
			productName = ChallengeKlever;
			productReference = A5F7E958280F8984006C368F /* ChallengeKlever.app */;
			productType = "com.apple.product-type.application";
		};
/* End PBXNativeTarget section */

/* Begin PBXProject section */
		A5F7E950280F8984006C368F /* Project object */ = {
			isa = PBXProject;
			attributes = {
				BuildIndependentTargetsInParallel = 1;
				LastSwiftUpdateCheck = 1330;
				LastUpgradeCheck = 1330;
				TargetAttributes = {
					A5F7E957280F8984006C368F = {
						CreatedOnToolsVersion = 13.3.1;
					};
				};
			};
			buildConfigurationList = A5F7E953280F8984006C368F /* Build configuration list for PBXProject "ChallengeKlever" */;
			compatibilityVersion = "Xcode 13.0";
			developmentRegion = en;
			hasScannedForEncodings = 0;
			knownRegions = (
				en,
				Base,
			);
			mainGroup = A5F7E94F280F8984006C368F;
			productRefGroup = A5F7E959280F8984006C368F /* Products */;
			projectDirPath = "";
			projectRoot = "";
			targets = (
				A5F7E957280F8984006C368F /* ChallengeKlever */,
			);
		};
/* End PBXProject section */

/* Begin PBXResourcesBuildPhase section */
		A5F7E956280F8984006C368F /* Resources */ = {
			isa = PBXResourcesBuildPhase;
			buildActionMask = 2147483647;
			files = (
				A5F7E963280F8987006C368F /* Preview Assets.xcassets in Resources */,
				A5F7E960280F8987006C368F /* Assets.xcassets in Resources */,
			);
			runOnlyForDeploymentPostprocessing = 0;
		};
/* End PBXResourcesBuildPhase section */

/* Begin PBXSourcesBuildPhase section */
		A5F7E954280F8984006C368F /* Sources */ = {
			isa = PBXSourcesBuildPhase;
			buildActionMask = 2147483647;
			files = (
				A5F7E9EB2810CBE3006C368F /* Network.swift in Sources */,
				A5F7E9F228111408006C368F /* DetailView.swift in Sources */,
				A5F7E95E280F8984006C368F /* ContentView.swift in Sources */,
				A5F7E9E92810C967006C368F /* PostsModel.swift in Sources */,
				A5F7E95C280F8984006C368F /* ChallengeKleverApp.swift in Sources */,
				A5F7E9F028110FA0006C368F /* NewPostView.swift in Sources */,
			);
			runOnlyForDeploymentPostprocessing = 0;
		};
/* End PBXSourcesBuildPhase section */

/* Begin XCBuildConfiguration section */
		A5F7E964280F8987006C368F /* Debug */ = {
			isa = XCBuildConfiguration;
			buildSettings = {
				ALWAYS_SEARCH_USER_PATHS = NO;
				CLANG_ANALYZER_NONNULL = YES;
				CLANG_ANALYZER_NUMBER_OBJECT_CONVERSION = YES_AGGRESSIVE;
				CLANG_CXX_LANGUAGE_STANDARD = "gnu++17";
				CLANG_ENABLE_MODULES = YES;
				CLANG_ENABLE_OBJC_ARC = YES;
				CLANG_ENABLE_OBJC_WEAK = YES;
				CLANG_WARN_BLOCK_CAPTURE_AUTORELEASING = YES;
				CLANG_WARN_BOOL_CONVERSION = YES;
				CLANG_WARN_COMMA = YES;
				CLANG_WARN_CONSTANT_CONVERSION = YES;
				CLANG_WARN_DEPRECATED_OBJC_IMPLEMENTATIONS = YES;
				CLANG_WARN_DIRECT_OBJC_ISA_USAGE = YES_ERROR;
				CLANG_WARN_DOCUMENTATION_COMMENTS = YES;
				CLANG_WARN_EMPTY_BODY = YES;
				CLANG_WARN_ENUM_CONVERSION = YES;
				CLANG_WARN_INFINITE_RECURSION = YES;
				CLANG_WARN_INT_CONVERSION = YES;
				CLANG_WARN_NON_LITERAL_NULL_CONVERSION = YES;
				CLANG_WARN_OBJC_IMPLICIT_RETAIN_SELF = YES;
				CLANG_WARN_OBJC_LITERAL_CONVERSION = YES;
				CLANG_WARN_OBJC_ROOT_CLASS = YES_ERROR;
				CLANG_WARN_QUOTED_INCLUDE_IN_FRAMEWORK_HEADER = YES;
				CLANG_WARN_RANGE_LOOP_ANALYSIS = YES;
				CLANG_WARN_STRICT_PROTOTYPES = YES;
				CLANG_WARN_SUSPICIOUS_MOVE = YES;
				CLANG_WARN_UNGUARDED_AVAILABILITY = YES_AGGRESSIVE;
				CLANG_WARN_UNREACHABLE_CODE = YES;
				CLANG_WARN__DUPLICATE_METHOD_MATCH = YES;
				COPY_PHASE_STRIP = NO;
				DEBUG_INFORMATION_FORMAT = dwarf;
				ENABLE_STRICT_OBJC_MSGSEND = YES;
				ENABLE_TESTABILITY = YES;
				GCC_C_LANGUAGE_STANDARD = gnu11;
				GCC_DYNAMIC_NO_PIC = NO;
				GCC_NO_COMMON_BLOCKS = YES;
				GCC_OPTIMIZATION_LEVEL = 0;
				GCC_PREPROCESSOR_DEFINITIONS = (
					"DEBUG=1",
					"$(inherited)",
				);
				GCC_WARN_64_TO_32_BIT_CONVERSION = YES;
				GCC_WARN_ABOUT_RETURN_TYPE = YES_ERROR;
				GCC_WARN_UNDECLARED_SELECTOR = YES;
				GCC_WARN_UNINITIALIZED_AUTOS = YES_AGGRESSIVE;
				GCC_WARN_UNUSED_FUNCTION = YES;
				GCC_WARN_UNUSED_VARIABLE = YES;
				IPHONEOS_DEPLOYMENT_TARGET = 15.4;
				MTL_ENABLE_DEBUG_INFO = INCLUDE_SOURCE;
				MTL_FAST_MATH = YES;
				ONLY_ACTIVE_ARCH = YES;
				SDKROOT = iphoneos;
				SWIFT_ACTIVE_COMPILATION_CONDITIONS = DEBUG;
				SWIFT_OPTIMIZATION_LEVEL = "-Onone";
			};
			name = Debug;
		};
		A5F7E965280F8987006C368F /* Release */ = {
			isa = XCBuildConfiguration;
			buildSettings = {
				ALWAYS_SEARCH_USER_PATHS = NO;
				CLANG_ANALYZER_NONNULL = YES;
				CLANG_ANALYZER_NUMBER_OBJECT_CONVERSION = YES_AGGRESSIVE;
				CLANG_CXX_LANGUAGE_STANDARD = "gnu++17";
				CLANG_ENABLE_MODULES = YES;
				CLANG_ENABLE_OBJC_ARC = YES;
				CLANG_ENABLE_OBJC_WEAK = YES;
				CLANG_WARN_BLOCK_CAPTURE_AUTORELEASING = YES;
				CLANG_WARN_BOOL_CONVERSION = YES;
				CLANG_WARN_COMMA = YES;
				CLANG_WARN_CONSTANT_CONVERSION = YES;
				CLANG_WARN_DEPRECATED_OBJC_IMPLEMENTATIONS = YES;
				CLANG_WARN_DIRECT_OBJC_ISA_USAGE = YES_ERROR;
				CLANG_WARN_DOCUMENTATION_COMMENTS = YES;
				CLANG_WARN_EMPTY_BODY = YES;
				CLANG_WARN_ENUM_CONVERSION = YES;
				CLANG_WARN_INFINITE_RECURSION = YES;
				CLANG_WARN_INT_CONVERSION = YES;
				CLANG_WARN_NON_LITERAL_NULL_CONVERSION = YES;
				CLANG_WARN_OBJC_IMPLICIT_RETAIN_SELF = YES;
				CLANG_WARN_OBJC_LITERAL_CONVERSION = YES;
				CLANG_WARN_OBJC_ROOT_CLASS = YES_ERROR;
				CLANG_WARN_QUOTED_INCLUDE_IN_FRAMEWORK_HEADER = YES;
				CLANG_WARN_RANGE_LOOP_ANALYSIS = YES;
				CLANG_WARN_STRICT_PROTOTYPES = YES;
				CLANG_WARN_SUSPICIOUS_MOVE = YES;
				CLANG_WARN_UNGUARDED_AVAILABILITY = YES_AGGRESSIVE;
				CLANG_WARN_UNREACHABLE_CODE = YES;
				CLANG_WARN__DUPLICATE_METHOD_MATCH = YES;
				COPY_PHASE_STRIP = NO;
				DEBUG_INFORMATION_FORMAT = "dwarf-with-dsym";
				ENABLE_NS_ASSERTIONS = NO;
				ENABLE_STRICT_OBJC_MSGSEND = YES;
				GCC_C_LANGUAGE_STANDARD = gnu11;
				GCC_NO_COMMON_BLOCKS = YES;
				GCC_WARN_64_TO_32_BIT_CONVERSION = YES;
				GCC_WARN_ABOUT_RETURN_TYPE = YES_ERROR;
				GCC_WARN_UNDECLARED_SELECTOR = YES;
				GCC_WARN_UNINITIALIZED_AUTOS = YES_AGGRESSIVE;
				GCC_WARN_UNUSED_FUNCTION = YES;
				GCC_WARN_UNUSED_VARIABLE = YES;
				IPHONEOS_DEPLOYMENT_TARGET = 15.4;
				MTL_ENABLE_DEBUG_INFO = NO;
				MTL_FAST_MATH = YES;
				SDKROOT = iphoneos;
				SWIFT_COMPILATION_MODE = wholemodule;
				SWIFT_OPTIMIZATION_LEVEL = "-O";
				VALIDATE_PRODUCT = YES;
			};
			name = Release;
		};
		A5F7E967280F8987006C368F /* Debug */ = {
			isa = XCBuildConfiguration;
			buildSettings = {
				ASSETCATALOG_COMPILER_APPICON_NAME = AppIcon;
				ASSETCATALOG_COMPILER_GLOBAL_ACCENT_COLOR_NAME = AccentColor;
				CODE_SIGN_STYLE = Automatic;
				CURRENT_PROJECT_VERSION = 1;
				DEVELOPMENT_ASSET_PATHS = "\"ChallengeKlever/Preview Content\"";
				DEVELOPMENT_TEAM = 3N29W8N95Z;
				ENABLE_PREVIEWS = YES;
				GENERATE_INFOPLIST_FILE = YES;
				INFOPLIST_FILE = ChallengeKlever/Info.plist;
				INFOPLIST_KEY_CFBundleDisplayName = KleverCRUD;
				INFOPLIST_KEY_UIApplicationSceneManifest_Generation = YES;
				INFOPLIST_KEY_UIApplicationSupportsIndirectInputEvents = YES;
				INFOPLIST_KEY_UILaunchScreen_Generation = YES;
				INFOPLIST_KEY_UISupportedInterfaceOrientations_iPad = "UIInterfaceOrientationPortrait UIInterfaceOrientationPortraitUpsideDown UIInterfaceOrientationLandscapeLeft UIInterfaceOrientationLandscapeRight";
				INFOPLIST_KEY_UISupportedInterfaceOrientations_iPhone = "UIInterfaceOrientationPortrait UIInterfaceOrientationLandscapeLeft UIInterfaceOrientationLandscapeRight";
				LD_RUNPATH_SEARCH_PATHS = (
					"$(inherited)",
					"@executable_path/Frameworks",
				);
				MARKETING_VERSION = 1.0;
				PRODUCT_BUNDLE_IDENTIFIER = douglasbiagigrana.ChallengeKlever;
				PRODUCT_NAME = "$(TARGET_NAME)";
				SWIFT_EMIT_LOC_STRINGS = YES;
				SWIFT_VERSION = 5.0;
				TARGETED_DEVICE_FAMILY = "1,2";
			};
			name = Debug;
		};
		A5F7E968280F8987006C368F /* Release */ = {
			isa = XCBuildConfiguration;
			buildSettings = {
				ASSETCATALOG_COMPILER_APPICON_NAME = AppIcon;
				ASSETCATALOG_COMPILER_GLOBAL_ACCENT_COLOR_NAME = AccentColor;
				CODE_SIGN_STYLE = Automatic;
				CURRENT_PROJECT_VERSION = 1;
				DEVELOPMENT_ASSET_PATHS = "\"ChallengeKlever/Preview Content\"";
				DEVELOPMENT_TEAM = 3N29W8N95Z;
				ENABLE_PREVIEWS = YES;
				GENERATE_INFOPLIST_FILE = YES;
				INFOPLIST_FILE = ChallengeKlever/Info.plist;
				INFOPLIST_KEY_CFBundleDisplayName = KleverCRUD;
				INFOPLIST_KEY_UIApplicationSceneManifest_Generation = YES;
				INFOPLIST_KEY_UIApplicationSupportsIndirectInputEvents = YES;
				INFOPLIST_KEY_UILaunchScreen_Generation = YES;
				INFOPLIST_KEY_UISupportedInterfaceOrientations_iPad = "UIInterfaceOrientationPortrait UIInterfaceOrientationPortraitUpsideDown UIInterfaceOrientationLandscapeLeft UIInterfaceOrientationLandscapeRight";
				INFOPLIST_KEY_UISupportedInterfaceOrientations_iPhone = "UIInterfaceOrientationPortrait UIInterfaceOrientationLandscapeLeft UIInterfaceOrientationLandscapeRight";
				LD_RUNPATH_SEARCH_PATHS = (
					"$(inherited)",
					"@executable_path/Frameworks",
				);
				MARKETING_VERSION = 1.0;
				PRODUCT_BUNDLE_IDENTIFIER = douglasbiagigrana.ChallengeKlever;
				PRODUCT_NAME = "$(TARGET_NAME)";
				SWIFT_EMIT_LOC_STRINGS = YES;
				SWIFT_VERSION = 5.0;
				TARGETED_DEVICE_FAMILY = "1,2";
			};
			name = Release;
		};
/* End XCBuildConfiguration section */

/* Begin XCConfigurationList section */
		A5F7E953280F8984006C368F /* Build configuration list for PBXProject "ChallengeKlever" */ = {
			isa = XCConfigurationList;
			buildConfigurations = (
				A5F7E964280F8987006C368F /* Debug */,
				A5F7E965280F8987006C368F /* Release */,
			);
			defaultConfigurationIsVisible = 0;
			defaultConfigurationName = Release;
		};
		A5F7E966280F8987006C368F /* Build configuration list for PBXNativeTarget "ChallengeKlever" */ = {
			isa = XCConfigurationList;
			buildConfigurations = (
				A5F7E967280F8987006C368F /* Debug */,
				A5F7E968280F8987006C368F /* Release */,
			);
			defaultConfigurationIsVisible = 0;
			defaultConfigurationName = Release;
		};
/* End XCConfigurationList section */
	};
	rootObject = A5F7E950280F8984006C368F /* Project object */;
}
